// !$*UTF8*$!
{
	archiveVersion = 1;
	classes = {
	};
	objectVersion = 50;
	objects = {

/* Begin PBXBuildFile section */
		6ECCA164228AA369007CC36A /* AppDelegate.swift in Sources */ = {isa = PBXBuildFile; fileRef = 6ECCA163228AA369007CC36A /* AppDelegate.swift */; };
		6ECCA166228AA369007CC36A /* ViewController.swift in Sources */ = {isa = PBXBuildFile; fileRef = 6ECCA165228AA369007CC36A /* ViewController.swift */; };
		6ECCA169228AA369007CC36A /* Main.storyboard in Resources */ = {isa = PBXBuildFile; fileRef = 6ECCA167228AA369007CC36A /* Main.storyboard */; };
		6ECCA16B228AA36A007CC36A /* Assets.xcassets in Resources */ = {isa = PBXBuildFile; fileRef = 6ECCA16A228AA36A007CC36A /* Assets.xcassets */; };
		6ECCA16E228AA36A007CC36A /* LaunchScreen.storyboard in Resources */ = {isa = PBXBuildFile; fileRef = 6ECCA16C228AA36A007CC36A /* LaunchScreen.storyboard */; };
		6ECCA178228AA3B7007CC36A /* PageMenuView.swift in Sources */ = {isa = PBXBuildFile; fileRef = 6ECCA176228AA3B7007CC36A /* PageMenuView.swift */; };
		6ECCA179228AA3B7007CC36A /* PageMenuSegmentedControl.swift in Sources */ = {isa = PBXBuildFile; fileRef = 6ECCA177228AA3B7007CC36A /* PageMenuSegmentedControl.swift */; };
/* End PBXBuildFile section */

/* Begin PBXFileReference section */
		6ECCA160228AA369007CC36A /* pageMenu.app */ = {isa = PBXFileReference; explicitFileType = wrapper.application; includeInIndex = 0; path = pageMenu.app; sourceTree = BUILT_PRODUCTS_DIR; };
		6ECCA163228AA369007CC36A /* AppDelegate.swift */ = {isa = PBXFileReference; lastKnownFileType = sourcecode.swift; path = AppDelegate.swift; sourceTree = "<group>"; };
		6ECCA165228AA369007CC36A /* ViewController.swift */ = {isa = PBXFileReference; lastKnownFileType = sourcecode.swift; path = ViewController.swift; sourceTree = "<group>"; };
		6ECCA168228AA369007CC36A /* Base */ = {isa = PBXFileReference; lastKnownFileType = file.storyboard; name = Base; path = Base.lproj/Main.storyboard; sourceTree = "<group>"; };
		6ECCA16A228AA36A007CC36A /* Assets.xcassets */ = {isa = PBXFileReference; lastKnownFileType = folder.assetcatalog; path = Assets.xcassets; sourceTree = "<group>"; };
		6ECCA16D228AA36A007CC36A /* Base */ = {isa = PBXFileReference; lastKnownFileType = file.storyboard; name = Base; path = Base.lproj/LaunchScreen.storyboard; sourceTree = "<group>"; };
		6ECCA16F228AA36A007CC36A /* Info.plist */ = {isa = PBXFileReference; lastKnownFileType = text.plist.xml; path = Info.plist; sourceTree = "<group>"; };
		6ECCA176228AA3B7007CC36A /* PageMenuView.swift */ = {isa = PBXFileReference; fileEncoding = 4; lastKnownFileType = sourcecode.swift; path = PageMenuView.swift; sourceTree = "<group>"; };
		6ECCA177228AA3B7007CC36A /* PageMenuSegmentedControl.swift */ = {isa = PBXFileReference; fileEncoding = 4; lastKnownFileType = sourcecode.swift; path = PageMenuSegmentedControl.swift; sourceTree = "<group>"; };
/* End PBXFileReference section */

/* Begin PBXFrameworksBuildPhase section */
		6ECCA15D228AA369007CC36A /* Frameworks */ = {
			isa = PBXFrameworksBuildPhase;
			buildActionMask = 2147483647;
			files = (
			);
			runOnlyForDeploymentPostprocessing = 0;
		};
/* End PBXFrameworksBuildPhase section */

/* Begin PBXGroup section */
		6ECCA157228AA369007CC36A = {
			isa = PBXGroup;
			children = (
				6ECCA162228AA369007CC36A /* pageMenu */,
				6ECCA161228AA369007CC36A /* Products */,
			);
			sourceTree = "<group>";
		};
		6ECCA161228AA369007CC36A /* Products */ = {
			isa = PBXGroup;
			children = (
				6ECCA160228AA369007CC36A /* pageMenu.app */,
			);
			name = Products;
			sourceTree = "<group>";
		};
		6ECCA162228AA369007CC36A /* pageMenu */ = {
			isa = PBXGroup;
			children = (
				6ECCA175228AA3B7007CC36A /* PageMenu */,
				6ECCA163228AA369007CC36A /* AppDelegate.swift */,
				6ECCA165228AA369007CC36A /* ViewController.swift */,
				6ECCA167228AA369007CC36A /* Main.storyboard */,
				6ECCA16A228AA36A007CC36A /* Assets.xcassets */,
				6ECCA16C228AA36A007CC36A /* LaunchScreen.storyboard */,
				6ECCA16F228AA36A007CC36A /* Info.plist */,
			);
			path = pageMenu;
			sourceTree = "<group>";
		};
		6ECCA175228AA3B7007CC36A /* PageMenu */ = {
			isa = PBXGroup;
			children = (
				6ECCA176228AA3B7007CC36A /* PageMenuView.swift */,
				6ECCA177228AA3B7007CC36A /* PageMenuSegmentedControl.swift */,
			);
			path = PageMenu;
			sourceTree = "<group>";
		};
/* End PBXGroup section */

/* Begin PBXNativeTarget section */
		6ECCA15F228AA369007CC36A /* pageMenu */ = {
			isa = PBXNativeTarget;
			buildConfigurationList = 6ECCA172228AA36A007CC36A /* Build configuration list for PBXNativeTarget "pageMenu" */;
			buildPhases = (
				6ECCA15C228AA369007CC36A /* Sources */,
				6ECCA15D228AA369007CC36A /* Frameworks */,
				6ECCA15E228AA369007CC36A /* Resources */,
			);
			buildRules = (
			);
			dependencies = (
			);
			name = pageMenu;
			productName = pageMenu;
			productReference = 6ECCA160228AA369007CC36A /* pageMenu.app */;
			productType = "com.apple.product-type.application";
		};
/* End PBXNativeTarget section */

/* Begin PBXProject section */
		6ECCA158228AA369007CC36A /* Project object */ = {
			isa = PBXProject;
			attributes = {
				LastSwiftUpdateCheck = 1020;
				LastUpgradeCheck = 1020;
				ORGANIZATIONNAME = "浩翔林";
				TargetAttributes = {
					6ECCA15F228AA369007CC36A = {
						CreatedOnToolsVersion = 10.2.1;
					};
				};
			};
			buildConfigurationList = 6ECCA15B228AA369007CC36A /* Build configuration list for PBXProject "pageMenu" */;
			compatibilityVersion = "Xcode 9.3";
			developmentRegion = en;
			hasScannedForEncodings = 0;
			knownRegions = (
				en,
				Base,
			);
			mainGroup = 6ECCA157228AA369007CC36A;
			productRefGroup = 6ECCA161228AA369007CC36A /* Products */;
			projectDirPath = "";
			projectRoot = "";
			targets = (
				6ECCA15F228AA369007CC36A /* pageMenu */,
			);
		};
/* End PBXProject section */

/* Begin PBXResourcesBuildPhase section */
		6ECCA15E228AA369007CC36A /* Resources */ = {
			isa = PBXResourcesBuildPhase;
			buildActionMask = 2147483647;
			files = (
				6ECCA16E228AA36A007CC36A /* LaunchScreen.storyboard in Resources */,
				6ECCA16B228AA36A007CC36A /* Assets.xcassets in Resources */,
				6ECCA169228AA369007CC36A /* Main.storyboard in Resources */,
			);
			runOnlyForDeploymentPostprocessing = 0;
		};
/* End PBXResourcesBuildPhase section */

/* Begin PBXSourcesBuildPhase section */
		6ECCA15C228AA369007CC36A /* Sources */ = {
			isa = PBXSourcesBuildPhase;
			buildActionMask = 2147483647;
			files = (
				6ECCA179228AA3B7007CC36A /* PageMenuSegmentedControl.swift in Sources */,
				6ECCA166228AA369007CC36A /* ViewController.swift in Sources */,
				6ECCA178228AA3B7007CC36A /* PageMenuView.swift in Sources */,
				6ECCA164228AA369007CC36A /* AppDelegate.swift in Sources */,
			);
			runOnlyForDeploymentPostprocessing = 0;
		};
/* End PBXSourcesBuildPhase section */

/* Begin PBXVariantGroup section */
		6ECCA167228AA369007CC36A /* Main.storyboard */ = {
			isa = PBXVariantGroup;
			children = (
				6ECCA168228AA369007CC36A /* Base */,
			);
			name = Main.storyboard;
			sourceTree = "<group>";
		};
		6ECCA16C228AA36A007CC36A /* LaunchScreen.storyboard */ = {
			isa = PBXVariantGroup;
			children = (
				6ECCA16D228AA36A007CC36A /* Base */,
			);
			name = LaunchScreen.storyboard;
			sourceTree = "<group>";
		};
/* End PBXVariantGroup section */

/* Begin XCBuildConfiguration section */
		6ECCA170228AA36A007CC36A /* Debug */ = {
			isa = XCBuildConfiguration;
			buildSettings = {
				ALWAYS_SEARCH_USER_PATHS = NO;
				CLANG_ANALYZER_NONNULL = YES;
				CLANG_ANALYZER_NUMBER_OBJECT_CONVERSION = YES_AGGRESSIVE;
				CLANG_CXX_LANGUAGE_STANDARD = "gnu++14";
				CLANG_CXX_LIBRARY = "libc++";
				CLANG_ENABLE_MODULES = YES;
				CLANG_ENABLE_OBJC_ARC = YES;
				CLANG_ENABLE_OBJC_WEAK = YES;
				CLANG_WARN_BLOCK_CAPTURE_AUTORELEASING = YES;
				CLANG_WARN_BOOL_CONVERSION = YES;
				CLANG_WARN_COMMA = YES;
				CLANG_WARN_CONSTANT_CONVERSION = YES;
				CLANG_WARN_DEPRECATED_OBJC_IMPLEMENTATIONS = YES;
				CLANG_WARN_DIRECT_OBJC_ISA_USAGE = YES_ERROR;
				CLANG_WARN_DOCUMENTATION_COMMENTS = YES;
				CLANG_WARN_EMPTY_BODY = YES;
				CLANG_WARN_ENUM_CONVERSION = YES;
				CLANG_WARN_INFINITE_RECURSION = YES;
				CLANG_WARN_INT_CONVERSION = YES;
				CLANG_WARN_NON_LITERAL_NULL_CONVERSION = YES;
				CLANG_WARN_OBJC_IMPLICIT_RETAIN_SELF = YES;
				CLANG_WARN_OBJC_LITERAL_CONVERSION = YES;
				CLANG_WARN_OBJC_ROOT_CLASS = YES_ERROR;
				CLANG_WARN_RANGE_LOOP_ANALYSIS = YES;
				CLANG_WARN_STRICT_PROTOTYPES = YES;
				CLANG_WARN_SUSPICIOUS_MOVE = YES;
				CLANG_WARN_UNGUARDED_AVAILABILITY = YES_AGGRESSIVE;
				CLANG_WARN_UNREACHABLE_CODE = YES;
				CLANG_WARN__DUPLICATE_METHOD_MATCH = YES;
				CODE_SIGN_IDENTITY = "iPhone Developer";
				COPY_PHASE_STRIP = NO;
				DEBUG_INFORMATION_FORMAT = dwarf;
				ENABLE_STRICT_OBJC_MSGSEND = YES;
				ENABLE_TESTABILITY = YES;
				GCC_C_LANGUAGE_STANDARD = gnu11;
				GCC_DYNAMIC_NO_PIC = NO;
				GCC_NO_COMMON_BLOCKS = YES;
				GCC_OPTIMIZATION_LEVEL = 0;
				GCC_PREPROCESSOR_DEFINITIONS = (
					"DEBUG=1",
					"$(inherited)",
				);
				GCC_WARN_64_TO_32_BIT_CONVERSION = YES;
				GCC_WARN_ABOUT_RETURN_TYPE = YES_ERROR;
				GCC_WARN_UNDECLARED_SELECTOR = YES;
				GCC_WARN_UNINITIALIZED_AUTOS = YES_AGGRESSIVE;
				GCC_WARN_UNUSED_FUNCTION = YES;
				GCC_WARN_UNUSED_VARIABLE = YES;
				IPHONEOS_DEPLOYMENT_TARGET = 12.2;
				MTL_ENABLE_DEBUG_INFO = INCLUDE_SOURCE;
				MTL_FAST_MATH = YES;
				ONLY_ACTIVE_ARCH = YES;
				SDKROOT = iphoneos;
				SWIFT_ACTIVE_COMPILATION_CONDITIONS = DEBUG;
				SWIFT_OPTIMIZATION_LEVEL = "-Onone";
			};
			name = Debug;
		};
		6ECCA171228AA36A007CC36A /* Release */ = {
			isa = XCBuildConfiguration;
			buildSettings = {
				ALWAYS_SEARCH_USER_PATHS = NO;
				CLANG_ANALYZER_NONNULL = YES;
				CLANG_ANALYZER_NUMBER_OBJECT_CONVERSION = YES_AGGRESSIVE;
				CLANG_CXX_LANGUAGE_STANDARD = "gnu++14";
				CLANG_CXX_LIBRARY = "libc++";
				CLANG_ENABLE_MODULES = YES;
				CLANG_ENABLE_OBJC_ARC = YES;
				CLANG_ENABLE_OBJC_WEAK = YES;
				CLANG_WARN_BLOCK_CAPTURE_AUTORELEASING = YES;
				CLANG_WARN_BOOL_CONVERSION = YES;
				CLANG_WARN_COMMA = YES;
				CLANG_WARN_CONSTANT_CONVERSION = YES;
				CLANG_WARN_DEPRECATED_OBJC_IMPLEMENTATIONS = YES;
				CLANG_WARN_DIRECT_OBJC_ISA_USAGE = YES_ERROR;
				CLANG_WARN_DOCUMENTATION_COMMENTS = YES;
				CLANG_WARN_EMPTY_BODY = YES;
				CLANG_WARN_ENUM_CONVERSION = YES;
				CLANG_WARN_INFINITE_RECURSION = YES;
				CLANG_WARN_INT_CONVERSION = YES;
				CLANG_WARN_NON_LITERAL_NULL_CONVERSION = YES;
				CLANG_WARN_OBJC_IMPLICIT_RETAIN_SELF = YES;
				CLANG_WARN_OBJC_LITERAL_CONVERSION = YES;
				CLANG_WARN_OBJC_ROOT_CLASS = YES_ERROR;
				CLANG_WARN_RANGE_LOOP_ANALYSIS = YES;
				CLANG_WARN_STRICT_PROTOTYPES = YES;
				CLANG_WARN_SUSPICIOUS_MOVE = YES;
				CLANG_WARN_UNGUARDED_AVAILABILITY = YES_AGGRESSIVE;
				CLANG_WARN_UNREACHABLE_CODE = YES;
				CLANG_WARN__DUPLICATE_METHOD_MATCH = YES;
				CODE_SIGN_IDENTITY = "iPhone Developer";
				COPY_PHASE_STRIP = NO;
				DEBUG_INFORMATION_FORMAT = "dwarf-with-dsym";
				ENABLE_NS_ASSERTIONS = NO;
				ENABLE_STRICT_OBJC_MSGSEND = YES;
				GCC_C_LANGUAGE_STANDARD = gnu11;
				GCC_NO_COMMON_BLOCKS = YES;
				GCC_WARN_64_TO_32_BIT_CONVERSION = YES;
				GCC_WARN_ABOUT_RETURN_TYPE = YES_ERROR;
				GCC_WARN_UNDECLARED_SELECTOR = YES;
				GCC_WARN_UNINITIALIZED_AUTOS = YES_AGGRESSIVE;
				GCC_WARN_UNUSED_FUNCTION = YES;
				GCC_WARN_UNUSED_VARIABLE = YES;
				IPHONEOS_DEPLOYMENT_TARGET = 12.2;
				MTL_ENABLE_DEBUG_INFO = NO;
				MTL_FAST_MATH = YES;
				SDKROOT = iphoneos;
				SWIFT_COMPILATION_MODE = wholemodule;
				SWIFT_OPTIMIZATION_LEVEL = "-O";
				VALIDATE_PRODUCT = YES;
			};
			name = Release;
		};
		6ECCA173228AA36A007CC36A /* Debug */ = {
			isa = XCBuildConfiguration;
			buildSettings = {
				ASSETCATALOG_COMPILER_APPICON_NAME = AppIcon;
				CODE_SIGN_STYLE = Automatic;
				DEVELOPMENT_TEAM = MDG2Q85YF2;
				INFOPLIST_FILE = pageMenu/Info.plist;
				LD_RUNPATH_SEARCH_PATHS = (
					"$(inherited)",
					"@executable_path/Frameworks",
				);
				PRODUCT_BUNDLE_IDENTIFIER = cn.com.lin.pageMenu;
				PRODUCT_NAME = "$(TARGET_NAME)";
				SWIFT_VERSION = 5.0;
				TARGETED_DEVICE_FAMILY = "1,2";
			};
			name = Debug;
		};
		6ECCA174228AA36A007CC36A /* Release */ = {
			isa = XCBuildConfiguration;
			buildSettings = {
				ASSETCATALOG_COMPILER_APPICON_NAME = AppIcon;
				CODE_SIGN_STYLE = Automatic;
				DEVELOPMENT_TEAM = MDG2Q85YF2;
				INFOPLIST_FILE = pageMenu/Info.plist;
				LD_RUNPATH_SEARCH_PATHS = (
					"$(inherited)",
					"@executable_path/Frameworks",
				);
				PRODUCT_BUNDLE_IDENTIFIER = cn.com.lin.pageMenu;
				PRODUCT_NAME = "$(TARGET_NAME)";
				SWIFT_VERSION = 5.0;
				TARGETED_DEVICE_FAMILY = "1,2";
			};
			name = Release;
		};
/* End XCBuildConfiguration section */

/* Begin XCConfigurationList section */
		6ECCA15B228AA369007CC36A /* Build configuration list for PBXProject "pageMenu" */ = {
			isa = XCConfigurationList;
			buildConfigurations = (
				6ECCA170228AA36A007CC36A /* Debug */,
				6ECCA171228AA36A007CC36A /* Release */,
			);
			defaultConfigurationIsVisible = 0;
			defaultConfigurationName = Release;
		};
		6ECCA172228AA36A007CC36A /* Build configuration list for PBXNativeTarget "pageMenu" */ = {
			isa = XCConfigurationList;
			buildConfigurations = (
				6ECCA173228AA36A007CC36A /* Debug */,
				6ECCA174228AA36A007CC36A /* Release */,
			);
			defaultConfigurationIsVisible = 0;
			defaultConfigurationName = Release;
		};
/* End XCConfigurationList section */
	};
	rootObject = 6ECCA158228AA369007CC36A /* Project object */;
}
